github.com/ethereum/go-ethereum v1.14.0 h1:xRWC5NlB6g1x7vNy4HDBLuqVNbtLrc7v8S6+Uxim1LU=
github.com/ethereum/go-ethereum v1.14.0/go.mod h1:1STrq471D0BQbCX9He0hUj4bHxX2k6mt5nOQJhDNOJ8=
github.com/holiman/uint256 v1.2.4 h1:jUc4Nk8fm9jZabQuqr2JzednajVmBpC+oiTiXZJEApU=
github.com/holiman/uint256 v1.2.4/go.mod h1:EOMSn4q6Nyt9P6efbI3bueV4e1b3dGlUCXeiRV4ng7E=
